// !$*UTF8*$!
{
	archiveVersion = 1;
	classes = {
	};
	objectVersion = 56;
	objects = {

/* Begin PBXBuildFile section */
		412BCE0F2D07687D00949407 /* OCRProcessing.swift in Sources */ = {isa = PBXBuildFile; fileRef = 412BCE0E2D07687D00949407 /* OCRProcessing.swift */; };
		41463C942D04D97C0065BBE0 /* IDCardPhoto.swift in Sources */ = {isa = PBXBuildFile; fileRef = 41463C932D04D9730065BBE0 /* IDCardPhoto.swift */; };
		41463C962D04DA0C0065BBE0 /* CameraView.swift in Sources */ = {isa = PBXBuildFile; fileRef = 41463C952D04DA0C0065BBE0 /* CameraView.swift */; };
		41850DAD2C6EEFA100E35051 /* DokuApp.swift in Sources */ = {isa = PBXBuildFile; fileRef = 41850DAC2C6EEFA100E35051 /* DokuApp.swift */; };
		41850DAF2C6EEFA100E35051 /* ContentView.swift in Sources */ = {isa = PBXBuildFile; fileRef = 41850DAE2C6EEFA100E35051 /* ContentView.swift */; };
		41850DB12C6EEFA200E35051 /* Assets.xcassets in Resources */ = {isa = PBXBuildFile; fileRef = 41850DB02C6EEFA200E35051 /* Assets.xcassets */; };
		41850DB42C6EEFA200E35051 /* Preview Assets.xcassets in Resources */ = {isa = PBXBuildFile; fileRef = 41850DB32C6EEFA200E35051 /* Preview Assets.xcassets */; };
		41B89FAA2D072E13007B2289 /* EditSlikaView.swift in Sources */ = {isa = PBXBuildFile; fileRef = 41B89FA92D072E13007B2289 /* EditSlikaView.swift */; };
/* End PBXBuildFile section */

/* Begin PBXFileReference section */
		412BCE0E2D07687D00949407 /* OCRProcessing.swift */ = {isa = PBXFileReference; lastKnownFileType = sourcecode.swift; path = OCRProcessing.swift; sourceTree = "<group>"; };
		41463C932D04D9730065BBE0 /* IDCardPhoto.swift */ = {isa = PBXFileReference; lastKnownFileType = sourcecode.swift; path = IDCardPhoto.swift; sourceTree = "<group>"; };
		41463C952D04DA0C0065BBE0 /* CameraView.swift */ = {isa = PBXFileReference; lastKnownFileType = sourcecode.swift; path = CameraView.swift; sourceTree = "<group>"; };
		41850DA92C6EEFA100E35051 /* Doku.app */ = {isa = PBXFileReference; explicitFileType = wrapper.application; includeInIndex = 0; path = Doku.app; sourceTree = BUILT_PRODUCTS_DIR; };
		41850DAC2C6EEFA100E35051 /* DokuApp.swift */ = {isa = PBXFileReference; lastKnownFileType = sourcecode.swift; path = DokuApp.swift; sourceTree = "<group>"; };
		41850DAE2C6EEFA100E35051 /* ContentView.swift */ = {isa = PBXFileReference; lastKnownFileType = sourcecode.swift; path = ContentView.swift; sourceTree = "<group>"; };
		41850DB02C6EEFA200E35051 /* Assets.xcassets */ = {isa = PBXFileReference; lastKnownFileType = folder.assetcatalog; path = Assets.xcassets; sourceTree = "<group>"; };
		41850DB32C6EEFA200E35051 /* Preview Assets.xcassets */ = {isa = PBXFileReference; lastKnownFileType = folder.assetcatalog; path = "Preview Assets.xcassets"; sourceTree = "<group>"; };
		41B89FA92D072E13007B2289 /* EditSlikaView.swift */ = {isa = PBXFileReference; lastKnownFileType = sourcecode.swift; path = EditSlikaView.swift; sourceTree = "<group>"; };
/* End PBXFileReference section */

/* Begin PBXFrameworksBuildPhase section */
		41850DA62C6EEFA100E35051 /* Frameworks */ = {
			isa = PBXFrameworksBuildPhase;
			buildActionMask = 2147483647;
			files = (
			);
			runOnlyForDeploymentPostprocessing = 0;
		};
/* End PBXFrameworksBuildPhase section */

/* Begin PBXGroup section */
		41850DA02C6EEFA100E35051 = {
			isa = PBXGroup;
			children = (
				41850DAB2C6EEFA100E35051 /* Doku */,
				41850DAA2C6EEFA100E35051 /* Products */,
			);
			sourceTree = "<group>";
		};
		41850DAA2C6EEFA100E35051 /* Products */ = {
			isa = PBXGroup;
			children = (
				41850DA92C6EEFA100E35051 /* Doku.app */,
			);
			name = Products;
			sourceTree = "<group>";
		};
		41850DAB2C6EEFA100E35051 /* Doku */ = {
			isa = PBXGroup;
			children = (
				41463C932D04D9730065BBE0 /* IDCardPhoto.swift */,
				41463C952D04DA0C0065BBE0 /* CameraView.swift */,
				41850DAC2C6EEFA100E35051 /* DokuApp.swift */,
				41850DAE2C6EEFA100E35051 /* ContentView.swift */,
				412BCE0E2D07687D00949407 /* OCRProcessing.swift */,
				41B89FA92D072E13007B2289 /* EditSlikaView.swift */,
				41850DB02C6EEFA200E35051 /* Assets.xcassets */,
				41850DB22C6EEFA200E35051 /* Preview Content */,
			);
			path = Doku;
			sourceTree = "<group>";
		};
		41850DB22C6EEFA200E35051 /* Preview Content */ = {
			isa = PBXGroup;
			children = (
				41850DB32C6EEFA200E35051 /* Preview Assets.xcassets */,
			);
			path = "Preview Content";
			sourceTree = "<group>";
		};
/* End PBXGroup section */

/* Begin PBXNativeTarget section */
		41850DA82C6EEFA100E35051 /* Doku */ = {
			isa = PBXNativeTarget;
			buildConfigurationList = 41850DB72C6EEFA200E35051 /* Build configuration list for PBXNativeTarget "Doku" */;
			buildPhases = (
				41850DA52C6EEFA100E35051 /* Sources */,
				41850DA62C6EEFA100E35051 /* Frameworks */,
				41850DA72C6EEFA100E35051 /* Resources */,
			);
			buildRules = (
			);
			dependencies = (
			);
			name = Doku;
			productName = Doku;
			productReference = 41850DA92C6EEFA100E35051 /* Doku.app */;
			productType = "com.apple.product-type.application";
		};
/* End PBXNativeTarget section */

/* Begin PBXProject section */
		41850DA12C6EEFA100E35051 /* Project object */ = {
			isa = PBXProject;
			attributes = {
				BuildIndependentTargetsInParallel = 1;
				LastSwiftUpdateCheck = 1540;
				LastUpgradeCheck = 1540;
				TargetAttributes = {
					41850DA82C6EEFA100E35051 = {
						CreatedOnToolsVersion = 15.4;
					};
				};
			};
			buildConfigurationList = 41850DA42C6EEFA100E35051 /* Build configuration list for PBXProject "Doku" */;
			compatibilityVersion = "Xcode 14.0";
			developmentRegion = en;
			hasScannedForEncodings = 0;
			knownRegions = (
				en,
				Base,
			);
			mainGroup = 41850DA02C6EEFA100E35051;
			productRefGroup = 41850DAA2C6EEFA100E35051 /* Products */;
			projectDirPath = "";
			projectRoot = "";
			targets = (
				41850DA82C6EEFA100E35051 /* Doku */,
			);
		};
/* End PBXProject section */

/* Begin PBXResourcesBuildPhase section */
		41850DA72C6EEFA100E35051 /* Resources */ = {
			isa = PBXResourcesBuildPhase;
			buildActionMask = 2147483647;
			files = (
				41850DB42C6EEFA200E35051 /* Preview Assets.xcassets in Resources */,
				41850DB12C6EEFA200E35051 /* Assets.xcassets in Resources */,
			);
			runOnlyForDeploymentPostprocessing = 0;
		};
/* End PBXResourcesBuildPhase section */

/* Begin PBXSourcesBuildPhase section */
		41850DA52C6EEFA100E35051 /* Sources */ = {
			isa = PBXSourcesBuildPhase;
			buildActionMask = 2147483647;
			files = (
				41463C942D04D97C0065BBE0 /* IDCardPhoto.swift in Sources */,
				41850DAF2C6EEFA100E35051 /* ContentView.swift in Sources */,
				41B89FAA2D072E13007B2289 /* EditSlikaView.swift in Sources */,
				41850DAD2C6EEFA100E35051 /* DokuApp.swift in Sources */,
				41463C962D04DA0C0065BBE0 /* CameraView.swift in Sources */,
				412BCE0F2D07687D00949407 /* OCRProcessing.swift in Sources */,
			);
			runOnlyForDeploymentPostprocessing = 0;
		};
/* End PBXSourcesBuildPhase section */

/* Begin XCBuildConfiguration section */
		41850DB52C6EEFA200E35051 /* Debug */ = {
			isa = XCBuildConfiguration;
			buildSettings = {
				ALWAYS_SEARCH_USER_PATHS = NO;
				ASSETCATALOG_COMPILER_GENERATE_SWIFT_ASSET_SYMBOL_EXTENSIONS = YES;
				CLANG_ANALYZER_NONNULL = YES;
				CLANG_ANALYZER_NUMBER_OBJECT_CONVERSION = YES_AGGRESSIVE;
				CLANG_CXX_LANGUAGE_STANDARD = "gnu++20";
				CLANG_ENABLE_MODULES = YES;
				CLANG_ENABLE_OBJC_ARC = YES;
				CLANG_ENABLE_OBJC_WEAK = YES;
				CLANG_WARN_BLOCK_CAPTURE_AUTORELEASING = YES;
				CLANG_WARN_BOOL_CONVERSION = YES;
				CLANG_WARN_COMMA = YES;
				CLANG_WARN_CONSTANT_CONVERSION = YES;
				CLANG_WARN_DEPRECATED_OBJC_IMPLEMENTATIONS = YES;
				CLANG_WARN_DIRECT_OBJC_ISA_USAGE = YES_ERROR;
				CLANG_WARN_DOCUMENTATION_COMMENTS = YES;
				CLANG_WARN_EMPTY_BODY = YES;
				CLANG_WARN_ENUM_CONVERSION = YES;
				CLANG_WARN_INFINITE_RECURSION = YES;
				CLANG_WARN_INT_CONVERSION = YES;
				CLANG_WARN_NON_LITERAL_NULL_CONVERSION = YES;
				CLANG_WARN_OBJC_IMPLICIT_RETAIN_SELF = YES;
				CLANG_WARN_OBJC_LITERAL_CONVERSION = YES;
				CLANG_WARN_OBJC_ROOT_CLASS = YES_ERROR;
				CLANG_WARN_QUOTED_INCLUDE_IN_FRAMEWORK_HEADER = YES;
				CLANG_WARN_RANGE_LOOP_ANALYSIS = YES;
				CLANG_WARN_STRICT_PROTOTYPES = YES;
				CLANG_WARN_SUSPICIOUS_MOVE = YES;
				CLANG_WARN_UNGUARDED_AVAILABILITY = YES_AGGRESSIVE;
				CLANG_WARN_UNREACHABLE_CODE = YES;
				CLANG_WARN__DUPLICATE_METHOD_MATCH = YES;
				COPY_PHASE_STRIP = NO;
				DEBUG_INFORMATION_FORMAT = dwarf;
				ENABLE_STRICT_OBJC_MSGSEND = YES;
				ENABLE_TESTABILITY = YES;
				ENABLE_USER_SCRIPT_SANDBOXING = YES;
				GCC_C_LANGUAGE_STANDARD = gnu17;
				GCC_DYNAMIC_NO_PIC = NO;
				GCC_NO_COMMON_BLOCKS = YES;
				GCC_OPTIMIZATION_LEVEL = 0;
				GCC_PREPROCESSOR_DEFINITIONS = (
					"DEBUG=1",
					"$(inherited)",
				);
				GCC_WARN_64_TO_32_BIT_CONVERSION = YES;
				GCC_WARN_ABOUT_RETURN_TYPE = YES_ERROR;
				GCC_WARN_UNDECLARED_SELECTOR = YES;
				GCC_WARN_UNINITIALIZED_AUTOS = YES_AGGRESSIVE;
				GCC_WARN_UNUSED_FUNCTION = YES;
				GCC_WARN_UNUSED_VARIABLE = YES;
				IPHONEOS_DEPLOYMENT_TARGET = 17.5;
				LOCALIZATION_PREFERS_STRING_CATALOGS = YES;
				MTL_ENABLE_DEBUG_INFO = INCLUDE_SOURCE;
				MTL_FAST_MATH = YES;
				ONLY_ACTIVE_ARCH = YES;
				SDKROOT = iphoneos;
				SWIFT_ACTIVE_COMPILATION_CONDITIONS = "DEBUG $(inherited)";
				SWIFT_OPTIMIZATION_LEVEL = "-Onone";
			};
			name = Debug;
		};
		41850DB62C6EEFA200E35051 /* Release */ = {
			isa = XCBuildConfiguration;
			buildSettings = {
				ALWAYS_SEARCH_USER_PATHS = NO;
				ASSETCATALOG_COMPILER_GENERATE_SWIFT_ASSET_SYMBOL_EXTENSIONS = YES;
				CLANG_ANALYZER_NONNULL = YES;
				CLANG_ANALYZER_NUMBER_OBJECT_CONVERSION = YES_AGGRESSIVE;
				CLANG_CXX_LANGUAGE_STANDARD = "gnu++20";
				CLANG_ENABLE_MODULES = YES;
				CLANG_ENABLE_OBJC_ARC = YES;
				CLANG_ENABLE_OBJC_WEAK = YES;
				CLANG_WARN_BLOCK_CAPTURE_AUTORELEASING = YES;
				CLANG_WARN_BOOL_CONVERSION = YES;
				CLANG_WARN_COMMA = YES;
				CLANG_WARN_CONSTANT_CONVERSION = YES;
				CLANG_WARN_DEPRECATED_OBJC_IMPLEMENTATIONS = YES;
				CLANG_WARN_DIRECT_OBJC_ISA_USAGE = YES_ERROR;
				CLANG_WARN_DOCUMENTATION_COMMENTS = YES;
				CLANG_WARN_EMPTY_BODY = YES;
				CLANG_WARN_ENUM_CONVERSION = YES;
				CLANG_WARN_INFINITE_RECURSION = YES;
				CLANG_WARN_INT_CONVERSION = YES;
				CLANG_WARN_NON_LITERAL_NULL_CONVERSION = YES;
				CLANG_WARN_OBJC_IMPLICIT_RETAIN_SELF = YES;
				CLANG_WARN_OBJC_LITERAL_CONVERSION = YES;
				CLANG_WARN_OBJC_ROOT_CLASS = YES_ERROR;
				CLANG_WARN_QUOTED_INCLUDE_IN_FRAMEWORK_HEADER = YES;
				CLANG_WARN_RANGE_LOOP_ANALYSIS = YES;
				CLANG_WARN_STRICT_PROTOTYPES = YES;
				CLANG_WARN_SUSPICIOUS_MOVE = YES;
				CLANG_WARN_UNGUARDED_AVAILABILITY = YES_AGGRESSIVE;
				CLANG_WARN_UNREACHABLE_CODE = YES;
				CLANG_WARN__DUPLICATE_METHOD_MATCH = YES;
				COPY_PHASE_STRIP = NO;
				DEBUG_INFORMATION_FORMAT = "dwarf-with-dsym";
				ENABLE_NS_ASSERTIONS = NO;
				ENABLE_STRICT_OBJC_MSGSEND = YES;
				ENABLE_USER_SCRIPT_SANDBOXING = YES;
				GCC_C_LANGUAGE_STANDARD = gnu17;
				GCC_NO_COMMON_BLOCKS = YES;
				GCC_WARN_64_TO_32_BIT_CONVERSION = YES;
				GCC_WARN_ABOUT_RETURN_TYPE = YES_ERROR;
				GCC_WARN_UNDECLARED_SELECTOR = YES;
				GCC_WARN_UNINITIALIZED_AUTOS = YES_AGGRESSIVE;
				GCC_WARN_UNUSED_FUNCTION = YES;
				GCC_WARN_UNUSED_VARIABLE = YES;
				IPHONEOS_DEPLOYMENT_TARGET = 17.5;
				LOCALIZATION_PREFERS_STRING_CATALOGS = YES;
				MTL_ENABLE_DEBUG_INFO = NO;
				MTL_FAST_MATH = YES;
				SDKROOT = iphoneos;
				SWIFT_COMPILATION_MODE = wholemodule;
				VALIDATE_PRODUCT = YES;
			};
			name = Release;
		};
		41850DB82C6EEFA200E35051 /* Debug */ = {
			isa = XCBuildConfiguration;
			buildSettings = {
				ASSETCATALOG_COMPILER_APPICON_NAME = AppIcon;
				ASSETCATALOG_COMPILER_GLOBAL_ACCENT_COLOR_NAME = AccentColor;
				CODE_SIGN_STYLE = Automatic;
				CURRENT_PROJECT_VERSION = 1;
				DEVELOPMENT_ASSET_PATHS = "\"Doku/Preview Content\"";
				DEVELOPMENT_TEAM = 996P284SA6;
				ENABLE_PREVIEWS = YES;
				GENERATE_INFOPLIST_FILE = YES;
				INFOPLIST_KEY_NSCameraUsageDescription = "Required to take an image of the ID cards.";
				INFOPLIST_KEY_UIApplicationSceneManifest_Generation = YES;
				INFOPLIST_KEY_UIApplicationSupportsIndirectInputEvents = YES;
				INFOPLIST_KEY_UILaunchScreen_Generation = YES;
				INFOPLIST_KEY_UISupportedInterfaceOrientations_iPad = "UIInterfaceOrientationPortrait UIInterfaceOrientationPortraitUpsideDown UIInterfaceOrientationLandscapeLeft UIInterfaceOrientationLandscapeRight";
				INFOPLIST_KEY_UISupportedInterfaceOrientations_iPhone = "UIInterfaceOrientationPortrait UIInterfaceOrientationLandscapeLeft UIInterfaceOrientationLandscapeRight";
				LD_RUNPATH_SEARCH_PATHS = (
					"$(inherited)",
					"@executable_path/Frameworks",
				);
				MARKETING_VERSION = 1.0;
				PRODUCT_BUNDLE_IDENTIFIER = com.viks.Doku;
				PRODUCT_NAME = "$(TARGET_NAME)";
				SWIFT_EMIT_LOC_STRINGS = YES;
				SWIFT_VERSION = 5.0;
				TARGETED_DEVICE_FAMILY = "1,2";
			};
			name = Debug;
		};
		41850DB92C6EEFA200E35051 /* Release */ = {
			isa = XCBuildConfiguration;
			buildSettings = {
				ASSETCATALOG_COMPILER_APPICON_NAME = AppIcon;
				ASSETCATALOG_COMPILER_GLOBAL_ACCENT_COLOR_NAME = AccentColor;
				CODE_SIGN_STYLE = Automatic;
				CURRENT_PROJECT_VERSION = 1;
				DEVELOPMENT_ASSET_PATHS = "\"Doku/Preview Content\"";
				DEVELOPMENT_TEAM = 996P284SA6;
				ENABLE_PREVIEWS = YES;
				GENERATE_INFOPLIST_FILE = YES;
				INFOPLIST_KEY_NSCameraUsageDescription = "Required to take an image of the ID cards.";
				INFOPLIST_KEY_UIApplicationSceneManifest_Generation = YES;
				INFOPLIST_KEY_UIApplicationSupportsIndirectInputEvents = YES;
				INFOPLIST_KEY_UILaunchScreen_Generation = YES;
				INFOPLIST_KEY_UISupportedInterfaceOrientations_iPad = "UIInterfaceOrientationPortrait UIInterfaceOrientationPortraitUpsideDown UIInterfaceOrientationLandscapeLeft UIInterfaceOrientationLandscapeRight";
				INFOPLIST_KEY_UISupportedInterfaceOrientations_iPhone = "UIInterfaceOrientationPortrait UIInterfaceOrientationLandscapeLeft UIInterfaceOrientationLandscapeRight";
				LD_RUNPATH_SEARCH_PATHS = (
					"$(inherited)",
					"@executable_path/Frameworks",
				);
				MARKETING_VERSION = 1.0;
				PRODUCT_BUNDLE_IDENTIFIER = com.viks.Doku;
				PRODUCT_NAME = "$(TARGET_NAME)";
				SWIFT_EMIT_LOC_STRINGS = YES;
				SWIFT_VERSION = 5.0;
				TARGETED_DEVICE_FAMILY = "1,2";
			};
			name = Release;
		};
/* End XCBuildConfiguration section */

/* Begin XCConfigurationList section */
		41850DA42C6EEFA100E35051 /* Build configuration list for PBXProject "Doku" */ = {
			isa = XCConfigurationList;
			buildConfigurations = (
				41850DB52C6EEFA200E35051 /* Debug */,
				41850DB62C6EEFA200E35051 /* Release */,
			);
			defaultConfigurationIsVisible = 0;
			defaultConfigurationName = Release;
		};
		41850DB72C6EEFA200E35051 /* Build configuration list for PBXNativeTarget "Doku" */ = {
			isa = XCConfigurationList;
			buildConfigurations = (
				41850DB82C6EEFA200E35051 /* Debug */,
				41850DB92C6EEFA200E35051 /* Release */,
			);
			defaultConfigurationIsVisible = 0;
			defaultConfigurationName = Release;
		};
/* End XCConfigurationList section */
	};
	rootObject = 41850DA12C6EEFA100E35051 /* Project object */;
}
